<?xml version="1.0" encoding="utf-8"?>
<Project ToolsVersion="4.0" xmlns="http://schemas.microsoft.com/developer/msbuild/2003">
  <ItemGroup>
    <Filter Include="core">
      <UniqueIdentifier>{bcbe1a64-069b-4591-bb78-4ba7513280c5}</UniqueIdentifier>
    </Filter>
    <Filter Include="thirdparty">
      <UniqueIdentifier>{9beae83a-d218-4ca2-9b23-cc3c6656b6f5}</UniqueIdentifier>
    </Filter>
    <Filter Include="audio">
      <UniqueIdentifier>{c5372718-0a5b-414f-b61d-7432c36a3900}</UniqueIdentifier>
    </Filter>
    <Filter Include="physics">
      <UniqueIdentifier>{e8b47437-2adc-43f6-82ad-ac6361c7d0b8}</UniqueIdentifier>
    </Filter>
    <Filter Include="dev">
      <UniqueIdentifier>{758be7a5-8f94-4722-9b58-fc5c012a04e0}</UniqueIdentifier>
    </Filter>
    <Filter Include="io">
      <UniqueIdentifier>{e8c9aec6-1e1e-429d-a32f-2acc8ebc8e66}</UniqueIdentifier>
    </Filter>
    <Filter Include="math">
      <UniqueIdentifier>{595c0fba-01a1-4989-9048-8832c6588d03}</UniqueIdentifier>
    </Filter>
    <Filter Include="plugins">
      <UniqueIdentifier>{8579ea24-625f-4485-80a9-da570ea22ee6}</UniqueIdentifier>
    </Filter>
    <Filter Include="render">
      <UniqueIdentifier>{d676665a-5020-42d5-b378-9f37afee6ea6}</UniqueIdentifier>
    </Filter>
    <Filter Include="data">
      <UniqueIdentifier>{cd085981-c859-4e76-b133-c48c80c04bbe}</UniqueIdentifier>
    </Filter>
    <Filter Include="thirdparty\pugixml">
      <UniqueIdentifier>{1a4699dc-14c0-4646-9e1b-8752797cde8a}</UniqueIdentifier>
    </Filter>
    <Filter Include="thirdparty\imgui">
      <UniqueIdentifier>{cebb403e-c055-4bfb-b00e-5b565176fa3e}</UniqueIdentifier>
    </Filter>
    <Filter Include="thirdparty\stb">
      <UniqueIdentifier>{bfb6af29-7c06-469d-bf24-4a543f0b9d37}</UniqueIdentifier>
    </Filter>
  </ItemGroup>
  <ItemGroup>
    <ClInclude Include="math\vector.h">
      <Filter>math</Filter>
    </ClInclude>
    <ClInclude Include="core\window.h">
      <Filter>core</Filter>
    </ClInclude>
    <ClInclude Include="core\type.h">
      <Filter>core</Filter>
    </ClInclude>
    <ClInclude Include="core\common.h">
      <Filter>core</Filter>
    </ClInclude>
    <ClInclude Include="core\preference.h">
      <Filter>core</Filter>
    </ClInclude>
    <ClInclude Include="core\assert.h">
      <Filter>core</Filter>
    </ClInclude>
    <ClInclude Include="core\string_utilities.h">
      <Filter>core</Filter>
    </ClInclude>
    <ClInclude Include="core\log.h">
      <Filter>core</Filter>
    </ClInclude>
    <ClInclude Include="render\renderer.h">
      <Filter>render</Filter>
    </ClInclude>
    <ClInclude Include="render\common.h">
      <Filter>render</Filter>
    </ClInclude>
    <ClInclude Include="core\color.h">
      <Filter>core</Filter>
    </ClInclude>
    <ClInclude Include="math\matrix.h">
      <Filter>math</Filter>
    </ClInclude>
    <ClInclude Include="render\buffer.h">
      <Filter>render</Filter>
    </ClInclude>
    <ClInclude Include="render\vertex.h">
      <Filter>render</Filter>
    </ClInclude>
    <ClInclude Include="math\utilities.h">
      <Filter>math</Filter>
    </ClInclude>
    <ClInclude Include="render\render_target.h">
      <Filter>render</Filter>
    </ClInclude>
    <ClInclude Include="render\texture.h">
      <Filter>render</Filter>
    </ClInclude>
    <ClInclude Include="data\xml_utils.h">
      <Filter>data</Filter>
    </ClInclude>
    <ClInclude Include="..\pugixml\pugiconfig.hpp">
      <Filter>thirdparty\pugixml</Filter>
    </ClInclude>
    <ClInclude Include="..\pugixml\pugixml.hpp">
      <Filter>thirdparty\pugixml</Filter>
    </ClInclude>
    <ClInclude Include="render\shader.h">
      <Filter>render</Filter>
    </ClInclude>
    <ClInclude Include="..\imgui\imgui_impl_dx11.h">
      <Filter>thirdparty\imgui</Filter>
    </ClInclude>
    <ClInclude Include="..\imgui\imgui_impl_win32.h">
      <Filter>thirdparty\imgui</Filter>
    </ClInclude>
    <ClInclude Include="..\imgui\imgui_internal.h">
      <Filter>thirdparty\imgui</Filter>
    </ClInclude>
    <ClInclude Include="..\imgui\imstb_rectpack.h">
      <Filter>thirdparty\imgui</Filter>
    </ClInclude>
    <ClInclude Include="..\imgui\imstb_textedit.h">
      <Filter>thirdparty\imgui</Filter>
    </ClInclude>
    <ClInclude Include="..\imgui\imstb_truetype.h">
      <Filter>thirdparty\imgui</Filter>
    </ClInclude>
    <ClInclude Include="..\imgui\imconfig.h">
      <Filter>thirdparty\imgui</Filter>
    </ClInclude>
    <ClInclude Include="..\imgui\imgui.h">
      <Filter>thirdparty\imgui</Filter>
    </ClInclude>
    <ClInclude Include="dev\dev_ui.h">
      <Filter>dev</Filter>
    </ClInclude>
    <ClInclude Include="core\rng.h">
      <Filter>core</Filter>
    </ClInclude>
    <ClInclude Include="math\aabb2.h">
      <Filter>math</Filter>
    </ClInclude>
    <ClInclude Include="..\stb\stb_image.h">
      <Filter>thirdparty\stb</Filter>
    </ClInclude>
    <ClInclude Include="..\stb\stb_image_write.h">
      <Filter>thirdparty\stb</Filter>
    </ClInclude>
    <ClInclude Include="..\stb\stb_truetype.h">
      <Filter>thirdparty\stb</Filter>
    </ClInclude>
    <ClInclude Include="render\surface.h">
      <Filter>render</Filter>
    </ClInclude>
    <ClInclude Include="render\sampler.h">
      <Filter>render</Filter>
    </ClInclude>
    <ClInclude Include="render\sprite.h">
      <Filter>render</Filter>
    </ClInclude>
    <ClInclude Include="render\mesh_builder.h">
      <Filter>render</Filter>
    </ClInclude>
    <ClInclude Include="math\obb2.h">
      <Filter>math</Filter>
    </ClInclude>
    <ClInclude Include="render\mesh.h">
      <Filter>render</Filter>
    </ClInclude>
  </ItemGroup>
  <ItemGroup>
    <ClCompile Include="math\vector.cpp">
      <Filter>math</Filter>
    </ClCompile>
    <ClCompile Include="core\window.cpp">
      <Filter>core</Filter>
    </ClCompile>
    <ClCompile Include="core\assert.cpp">
      <Filter>core</Filter>
    </ClCompile>
    <ClCompile Include="core\string_utilities.cpp">
      <Filter>core</Filter>
    </ClCompile>
    <ClCompile Include="core\log.cpp">
      <Filter>core</Filter>
    </ClCompile>
    <ClCompile Include="render\renderer.cpp">
      <Filter>render</Filter>
    </ClCompile>
    <ClCompile Include="core\color.cpp">
      <Filter>core</Filter>
    </ClCompile>
    <ClCompile Include="render\vertex.cpp">
      <Filter>render</Filter>
    </ClCompile>
    <ClCompile Include="core\common.cpp">
      <Filter>core</Filter>
    </ClCompile>
    <ClCompile Include="render\buffer.cpp">
      <Filter>render</Filter>
    </ClCompile>
    <ClCompile Include="render\render_target.cpp">
      <Filter>render</Filter>
    </ClCompile>
    <ClCompile Include="render\texture.cpp">
      <Filter>render</Filter>
    </ClCompile>
    <ClCompile Include="..\pugixml\pugixml.cpp">
      <Filter>thirdparty\pugixml</Filter>
    </ClCompile>
    <ClCompile Include="data\xml_utils.cpp">
      <Filter>data</Filter>
    </ClCompile>
    <ClCompile Include="render\shader.cpp">
      <Filter>render</Filter>
    </ClCompile>
    <ClCompile Include="..\imgui\imgui_draw.cpp">
      <Filter>thirdparty\imgui</Filter>
    </ClCompile>
    <ClCompile Include="..\imgui\imgui_impl_dx11.cpp">
      <Filter>thirdparty\imgui</Filter>
    </ClCompile>
    <ClCompile Include="..\imgui\imgui_impl_win32.cpp">
      <Filter>thirdparty\imgui</Filter>
    </ClCompile>
    <ClCompile Include="..\imgui\imgui_widgets.cpp">
      <Filter>thirdparty\imgui</Filter>
    </ClCompile>
    <ClCompile Include="..\imgui\imgui.cpp">
      <Filter>thirdparty\imgui</Filter>
    </ClCompile>
    <ClCompile Include="..\imgui\imgui_demo.cpp">
      <Filter>thirdparty\imgui</Filter>
    </ClCompile>
    <ClCompile Include="dev\dev_ui.cpp">
      <Filter>dev</Filter>
    </ClCompile>
    <ClCompile Include="render\surface.cpp">
      <Filter>render</Filter>
    </ClCompile>
    <ClCompile Include="render\sampler.cpp">
      <Filter>render</Filter>
    </ClCompile>
    <ClCompile Include="render\sprite.cpp">
      <Filter>render</Filter>
    </ClCompile>
    <ClCompile Include="math\mat4.cpp">
      <Filter>math</Filter>
    </ClCompile>
    <ClCompile Include="render\mesh_builder.cpp">
      <Filter>render</Filter>
    </ClCompile>
    <ClCompile Include="math\aabb2.cpp">
      <Filter>math</Filter>
    </ClCompile>
    <ClCompile Include="render\mesh.cpp">
      <Filter>render</Filter>
    </ClCompile>
  </ItemGroup>
</Project>